# This file is generated by running "yarn install" inside your project.
# Manual changes might be lost - proceed with caution!

__metadata:
  version: 8
  cacheKey: 10c0

"@jothepro/doxygen-awesome-css@https://github.com/jothepro/doxygen-awesome-css#v2.3.4":
  version: 2.3.4
  resolution: "@jothepro/doxygen-awesome-css@https://github.com/jothepro/doxygen-awesome-css.git#commit=568f56cde6ac78b6dfcc14acd380b2e745c301ea"
  checksum: 10c0/e36b8a227b3c55542261ed83a19127400356eaa8075bea7671a3a2550a9001a2ec787365fd4b19e02dadeb7805a3506104002ed51810f5bc2da75e12a3fad60b
  languageName: node
  linkType: hard

"root-workspace-0b6124@workspace:.":
  version: 0.0.0-use.local
  resolution: "root-workspace-0b6124@workspace:."
  dependencies:
    "@jothepro/doxygen-awesome-css": "https://github.com/jothepro/doxygen-awesome-css#v2.3.4"
  languageName: unknown
  linkType: soft
